
Microsoft Visual Studio Solution File, Format Version 12.00
# Visual Studio Version 17
VisualStudioVersion = 17.0.31903.59
MinimumVisualStudioVersion = 10.0.40219.1
Project("{FAE04EC0-301F-11D3-BF4B-00C04F79EFBC}") = "STLFileComparator", "STLFileComparator\STLFileComparator.csproj", "{CC8DC86D-600C-4DC4-95C6-6F56616A5C4A}"
EndProject
Project("{2150E333-8FDC-42A3-9474-1A3956D46DE8}") = "src", "src", "{7C7DABAD-2703-49B5-9BC2-0947B75DE615}"
EndProject
Global
	GlobalSection(SolutionConfigurationPlatforms) = preSolution
		Debug|Any CPU = Debug|Any CPU
		Release|Any CPU = Release|Any CPU
	EndGlobalSection
	GlobalSection(ProjectConfigurationPlatforms) = postSolution
		{CC8DC86D-600C-4DC4-95C6-6F56616A5C4A}.Debug|Any CPU.ActiveCfg = Debug|Any CPU
		{CC8DC86D-600C-4DC4-95C6-6F56616A5C4A}.Debug|Any CPU.Build.0 = Debug|Any CPU
		{CC8DC86D-600C-4DC4-95C6-6F56616A5C4A}.Release|Any CPU.ActiveCfg = Release|Any CPU
		{CC8DC86D-600C-4DC4-95C6-6F56616A5C4A}.Release|Any CPU.Build.0 = Release|Any CPU
	EndGlobalSection
	GlobalSection(SolutionProperties) = preSolution
		HideSolutionNode = FALSE
	EndGlobalSection
	GlobalSection(NestedProjects) = preSolution
		{CC8DC86D-600C-4DC4-95C6-6F56616A5C4A} = {7C7DABAD-2703-49B5-9BC2-0947B75DE615}
	EndGlobalSection
	GlobalSection(ExtensibilityGlobals) = postSolution
		SolutionGuid = {E4A85267-06DE-4C3C-AFC7-7F1E790A85A2}
	EndGlobalSection
EndGlobal
